
Microsoft Visual Studio Solution File, Format Version 12.00
# Visual Studio Version 16
VisualStudioVersion = 16.0.31025.194
MinimumVisualStudioVersion = 10.0.40219.1
Project("{FAE04EC0-301F-11D3-BF4B-00C04F79EFBC}") = "Vidly", "Vidly\Vidly.csproj", "{9DCEA259-F863-406D-8DFA-A6364C66B9F3}"
EndProject
Global
	GlobalSection(SolutionConfigurationPlatforms) = preSolution
		Debug|Any CPU = Debug|Any CPU
		Release|Any CPU = Release|Any CPU
		Testing|Any CPU = Testing|Any CPU
	EndGlobalSection
	GlobalSection(ProjectConfigurationPlatforms) = postSolution
		{9DCEA259-F863-406D-8DFA-A6364C66B9F3}.Debug|Any CPU.ActiveCfg = Debug|Any CPU
		{9DCEA259-F863-406D-8DFA-A6364C66B9F3}.Debug|Any CPU.Build.0 = Debug|Any CPU
		{9DCEA259-F863-406D-8DFA-A6364C66B9F3}.Release|Any CPU.ActiveCfg = Release|Any CPU
		{9DCEA259-F863-406D-8DFA-A6364C66B9F3}.Release|Any CPU.Build.0 = Release|Any CPU
		{9DCEA259-F863-406D-8DFA-A6364C66B9F3}.Testing|Any CPU.ActiveCfg = Testing|Any CPU
		{9DCEA259-F863-406D-8DFA-A6364C66B9F3}.Testing|Any CPU.Build.0 = Testing|Any CPU
	EndGlobalSection
	GlobalSection(SolutionProperties) = preSolution
		HideSolutionNode = FALSE
	EndGlobalSection
	GlobalSection(ExtensibilityGlobals) = postSolution
		SolutionGuid = {63E3A18A-8B5F-4CB8-9A5E-12C5E5CA3453}
	EndGlobalSection
EndGlobal
